Microsoft Visual Studio Solution File, Format Version 11.00
# Visual Studio 2010
Project("{8BC9CEB8-8B4A-11D0-8D11-00A0C91BC942}") = "25-cubic", "examples\GLUT\25-cubic\25-cubic-VS2010.vcxproj", "{41047738-C5C7-4821-9E34-E3DCA990E716}"
	ProjectSection(ProjectDependencies) = postProject
		{A9F01342-5463-4634-B1F9-BF98CD5591B0} = {A9F01342-5463-4634-B1F9-BF98CD5591B0}
		{71AF75A0-52B6-4C1B-8E56-CB31C6741A18} = {71AF75A0-52B6-4C1B-8E56-CB31C6741A18}
	EndProjectSection
EndProject
Project("{8BC9CEB8-8B4A-11D0-8D11-00A0C91BC942}") = "24-turntable", "examples\GLUT\24-turntable\24-turntable-VS2010.vcxproj", "{666CE3DF-B4DB-4BC1-AD2E-10B74401E82C}"
	ProjectSection(ProjectDependencies) = postProject
		{A9F01342-5463-4634-B1F9-BF98CD5591B0} = {A9F01342-5463-4634-B1F9-BF98CD5591B0}
		{71AF75A0-52B6-4C1B-8E56-CB31C6741A18} = {71AF75A0-52B6-4C1B-8E56-CB31C6741A18}
	EndProjectSection
EndProject
Project("{8BC9CEB8-8B4A-11D0-8D11-00A0C91BC942}") = "23-tooth", "examples\GLUT\23-tooth\23-tooth-VS2010.vcxproj", "{B1112A85-D22C-4ABD-ACDB-BD1A2E78E521}"
	ProjectSection(ProjectDependencies) = postProject
		{A9F01342-5463-4634-B1F9-BF98CD5591B0} = {A9F01342-5463-4634-B1F9-BF98CD5591B0}
		{71AF75A0-52B6-4C1B-8E56-CB31C6741A18} = {71AF75A0-52B6-4C1B-8E56-CB31C6741A18}
	EndProjectSection
EndProject
Project("{8BC9CEB8-8B4A-11D0-8D11-00A0C91BC942}") = "22-chrome", "examples\GLUT\22-chrome\22-chrome-VS2010.vcxproj", "{1325973E-9E7F-40AE-A49A-FEED4BF98F37}"
	ProjectSection(ProjectDependencies) = postProject
		{A9F01342-5463-4634-B1F9-BF98CD5591B0} = {A9F01342-5463-4634-B1F9-BF98CD5591B0}
		{71AF75A0-52B6-4C1B-8E56-CB31C6741A18} = {71AF75A0-52B6-4C1B-8E56-CB31C6741A18}
	EndProjectSection
EndProject
Project("{8BC9CEB8-8B4A-11D0-8D11-00A0C91BC942}") = "21-object", "examples\GLUT\21-object\21-object-VS2010.vcxproj", "{093BD170-68C0-488A-890F-F3BB3B9A7FD1}"
	ProjectSection(ProjectDependencies) = postProject
		{A9F01342-5463-4634-B1F9-BF98CD5591B0} = {A9F01342-5463-4634-B1F9-BF98CD5591B0}
		{71AF75A0-52B6-4C1B-8E56-CB31C6741A18} = {71AF75A0-52B6-4C1B-8E56-CB31C6741A18}
	EndProjectSection
EndProject
Project("{8BC9CEB8-8B4A-11D0-8D11-00A0C91BC942}") = "20-map", "examples\GLUT\20-map\20-map-VS2010.vcxproj", "{4DB1C224-FB7B-4AA2-8E59-2252CBBA6EE2}"
	ProjectSection(ProjectDependencies) = postProject
		{A9F01342-5463-4634-B1F9-BF98CD5591B0} = {A9F01342-5463-4634-B1F9-BF98CD5591B0}
		{71AF75A0-52B6-4C1B-8E56-CB31C6741A18} = {71AF75A0-52B6-4C1B-8E56-CB31C6741A18}
	EndProjectSection
EndProject
Project("{8BC9CEB8-8B4A-11D0-8D11-00A0C91BC942}") = "13-primitives", "examples\GLUT\13-primitives\13-primitives-VS2010.vcxproj", "{A0FE2B56-6C50-4A6D-8FAA-CE094583CACD}"
	ProjectSection(ProjectDependencies) = postProject
		{A9F01342-5463-4634-B1F9-BF98CD5591B0} = {A9F01342-5463-4634-B1F9-BF98CD5591B0}
		{71AF75A0-52B6-4C1B-8E56-CB31C6741A18} = {71AF75A0-52B6-4C1B-8E56-CB31C6741A18}
	EndProjectSection
EndProject
Project("{8BC9CEB8-8B4A-11D0-8D11-00A0C91BC942}") = "12-polygons", "examples\GLUT\12-polygons\12-polygons-VS2010.vcxproj", "{28CE1125-B8B2-4FC9-B8B5-01837E30E9A6}"
	ProjectSection(ProjectDependencies) = postProject
		{A9F01342-5463-4634-B1F9-BF98CD5591B0} = {A9F01342-5463-4634-B1F9-BF98CD5591B0}
		{71AF75A0-52B6-4C1B-8E56-CB31C6741A18} = {71AF75A0-52B6-4C1B-8E56-CB31C6741A18}
	EndProjectSection
EndProject
Project("{8BC9CEB8-8B4A-11D0-8D11-00A0C91BC942}") = "11-effects", "examples\GLUT\11-effects\11-effects-VS2010.vcxproj", "{BA2987B6-E93E-4FB5-B4E5-67A8C41F6315}"
	ProjectSection(ProjectDependencies) = postProject
		{A9F01342-5463-4634-B1F9-BF98CD5591B0} = {A9F01342-5463-4634-B1F9-BF98CD5591B0}
		{71AF75A0-52B6-4C1B-8E56-CB31C6741A18} = {71AF75A0-52B6-4C1B-8E56-CB31C6741A18}
	EndProjectSection
EndProject
Project("{8BC9CEB8-8B4A-11D0-8D11-00A0C91BC942}") = "10-oring", "examples\GLUT\10-oring\10-oring-VS2010.vcxproj", "{F90795AF-895B-4458-A081-6124F2D9E9AE}"
	ProjectSection(ProjectDependencies) = postProject
		{A9F01342-5463-4634-B1F9-BF98CD5591B0} = {A9F01342-5463-4634-B1F9-BF98CD5591B0}
		{71AF75A0-52B6-4C1B-8E56-CB31C6741A18} = {71AF75A0-52B6-4C1B-8E56-CB31C6741A18}
	EndProjectSection
EndProject
Project("{8BC9CEB8-8B4A-11D0-8D11-00A0C91BC942}") = "01-mydevice", "examples\GLUT\01-mydevice\01-mydevice-VS2010.vcxproj", "{DF4A1F32-BA3E-4604-A9F5-721CAAA9EA71}"
	ProjectSection(ProjectDependencies) = postProject
		{A9F01342-5463-4634-B1F9-BF98CD5591B0} = {A9F01342-5463-4634-B1F9-BF98CD5591B0}
		{71AF75A0-52B6-4C1B-8E56-CB31C6741A18} = {71AF75A0-52B6-4C1B-8E56-CB31C6741A18}
	EndProjectSection
EndProject
Project("{8BC9CEB8-8B4A-11D0-8D11-00A0C91BC942}") = "02-multi-devices", "examples\GLUT\02-multi-devices\02-multi-devices-VS2010.vcxproj", "{D133A1BF-E97C-4495-8FD5-556CA25179D8}"
	ProjectSection(ProjectDependencies) = postProject
		{A9F01342-5463-4634-B1F9-BF98CD5591B0} = {A9F01342-5463-4634-B1F9-BF98CD5591B0}
		{71AF75A0-52B6-4C1B-8E56-CB31C6741A18} = {71AF75A0-52B6-4C1B-8E56-CB31C6741A18}
	EndProjectSection
EndProject
Project("{8BC9CEB8-8B4A-11D0-8D11-00A0C91BC942}") = "03-analytics", "examples\GLUT\03-analytics\03-analytics-VS2010.vcxproj", "{B8D2231B-D7A5-4D68-8648-5F9C533E2165}"
	ProjectSection(ProjectDependencies) = postProject
		{A9F01342-5463-4634-B1F9-BF98CD5591B0} = {A9F01342-5463-4634-B1F9-BF98CD5591B0}
		{71AF75A0-52B6-4C1B-8E56-CB31C6741A18} = {71AF75A0-52B6-4C1B-8E56-CB31C6741A18}
	EndProjectSection
EndProject
Project("{8BC9CEB8-8B4A-11D0-8D11-00A0C91BC942}") = "04-shapes", "examples\GLUT\04-shapes\04-shapes-VS2010.vcxproj", "{D46DD4BB-5A59-4887-AEAD-3C8775A0224F}"
	ProjectSection(ProjectDependencies) = postProject
		{A9F01342-5463-4634-B1F9-BF98CD5591B0} = {A9F01342-5463-4634-B1F9-BF98CD5591B0}
		{71AF75A0-52B6-4C1B-8E56-CB31C6741A18} = {71AF75A0-52B6-4C1B-8E56-CB31C6741A18}
	EndProjectSection
EndProject
Project("{8BC9CEB8-8B4A-11D0-8D11-00A0C91BC942}") = "05-fonts", "examples\GLUT\05-fonts\05-fonts-VS2010.vcxproj", "{490AA03D-FE72-4F84-A86D-2D246AAAAEE6}"
	ProjectSection(ProjectDependencies) = postProject
		{A9F01342-5463-4634-B1F9-BF98CD5591B0} = {A9F01342-5463-4634-B1F9-BF98CD5591B0}
		{71AF75A0-52B6-4C1B-8E56-CB31C6741A18} = {71AF75A0-52B6-4C1B-8E56-CB31C6741A18}
	EndProjectSection
EndProject
Project("{8BC9CEB8-8B4A-11D0-8D11-00A0C91BC942}") = "14-textures", "examples\GLUT\14-textures\14-textures-VS2010.vcxproj", "{54925E60-29DC-4781-9AF4-F8C18FCF3B50}"
	ProjectSection(ProjectDependencies) = postProject
		{A9F01342-5463-4634-B1F9-BF98CD5591B0} = {A9F01342-5463-4634-B1F9-BF98CD5591B0}
		{71AF75A0-52B6-4C1B-8E56-CB31C6741A18} = {71AF75A0-52B6-4C1B-8E56-CB31C6741A18}
	EndProjectSection
EndProject
Project("{8BC9CEB8-8B4A-11D0-8D11-00A0C91BC942}") = "15-paint", "examples\GLUT\15-paint\15-paint-VS2010.vcxproj", "{A5ABC2B6-0159-4506-B04A-7EE0B22BBCA0}"
	ProjectSection(ProjectDependencies) = postProject
		{A9F01342-5463-4634-B1F9-BF98CD5591B0} = {A9F01342-5463-4634-B1F9-BF98CD5591B0}
		{71AF75A0-52B6-4C1B-8E56-CB31C6741A18} = {71AF75A0-52B6-4C1B-8E56-CB31C6741A18}
	EndProjectSection
EndProject
Project("{8BC9CEB8-8B4A-11D0-8D11-00A0C91BC942}") = "16-friction", "examples\GLUT\16-friction\16-friction-VS2010.vcxproj", "{2F7A5DBA-0391-4235-9D23-982454349B55}"
	ProjectSection(ProjectDependencies) = postProject
		{A9F01342-5463-4634-B1F9-BF98CD5591B0} = {A9F01342-5463-4634-B1F9-BF98CD5591B0}
		{71AF75A0-52B6-4C1B-8E56-CB31C6741A18} = {71AF75A0-52B6-4C1B-8E56-CB31C6741A18}
	EndProjectSection
EndProject
Project("{8BC9CEB8-8B4A-11D0-8D11-00A0C91BC942}") = "17-shading", "examples\GLUT\17-shading\17-shading-VS2010.vcxproj", "{23D2C17D-68EB-4C91-8838-DDD787AD213B}"
	ProjectSection(ProjectDependencies) = postProject
		{A9F01342-5463-4634-B1F9-BF98CD5591B0} = {A9F01342-5463-4634-B1F9-BF98CD5591B0}
		{71AF75A0-52B6-4C1B-8E56-CB31C6741A18} = {71AF75A0-52B6-4C1B-8E56-CB31C6741A18}
	EndProjectSection
EndProject
Project("{8BC9CEB8-8B4A-11D0-8D11-00A0C91BC942}") = "freeglut", "extras\freeglut\freeglut-VS2010.vcxproj", "{71AF75A0-52B6-4C1B-8E56-CB31C6741A18}"
EndProject
Project("{8BC9CEB8-8B4A-11D0-8D11-00A0C91BC942}") = "CHAI3D", "CHAI3D-VS2010.vcxproj", "{A9F01342-5463-4634-B1F9-BF98CD5591B0}"
EndProject
Project("{8BC9CEB8-8B4A-11D0-8D11-00A0C91BC942}") = "18-endoscope", "examples\GLUT\18-endoscope\18-endoscope-VS2010.vcxproj", "{9B3C3FDC-140F-4B03-A9FD-3ADCD9E111BD}"
	ProjectSection(ProjectDependencies) = postProject
		{A9F01342-5463-4634-B1F9-BF98CD5591B0} = {A9F01342-5463-4634-B1F9-BF98CD5591B0}
		{71AF75A0-52B6-4C1B-8E56-CB31C6741A18} = {71AF75A0-52B6-4C1B-8E56-CB31C6741A18}
	EndProjectSection
EndProject
Project("{8BC9CEB8-8B4A-11D0-8D11-00A0C91BC942}") = "19-space", "examples\GLUT\19-space\19-space-VS2010.vcxproj", "{990FA61A-681B-452A-B607-C2D27391EFEA}"
	ProjectSection(ProjectDependencies) = postProject
		{A9F01342-5463-4634-B1F9-BF98CD5591B0} = {A9F01342-5463-4634-B1F9-BF98CD5591B0}
		{71AF75A0-52B6-4C1B-8E56-CB31C6741A18} = {71AF75A0-52B6-4C1B-8E56-CB31C6741A18}
	EndProjectSection
EndProject
Project("{8BC9CEB8-8B4A-11D0-8D11-00A0C91BC942}") = "26-video", "examples\GLUT\26-video\26-video-VS2010.vcxproj", "{C8CEB90C-8D6A-455C-90CF-7B3045F4F035}"
	ProjectSection(ProjectDependencies) = postProject
		{A9F01342-5463-4634-B1F9-BF98CD5591B0} = {A9F01342-5463-4634-B1F9-BF98CD5591B0}
		{71AF75A0-52B6-4C1B-8E56-CB31C6741A18} = {71AF75A0-52B6-4C1B-8E56-CB31C6741A18}
	EndProjectSection
EndProject
Project("{8BC9CEB8-8B4A-11D0-8D11-00A0C91BC942}") = "Module-GEL", "modules\GEL\GEL-VS2010.vcxproj", "{FA3C5038-FB3D-499F-8CCA-410BCA3DD227}"
	ProjectSection(ProjectDependencies) = postProject
		{A9F01342-5463-4634-B1F9-BF98CD5591B0} = {A9F01342-5463-4634-B1F9-BF98CD5591B0}
	EndProjectSection
EndProject
Project("{8BC9CEB8-8B4A-11D0-8D11-00A0C91BC942}") = "50-GEL-membrane", "modules\GEL\examples\GLUT\50-GEL-membrane\50-GEL-membrane-VS2010.vcxproj", "{6BD52E4C-66CA-4807-A58F-C84543274E97}"
	ProjectSection(ProjectDependencies) = postProject
		{FA3C5038-FB3D-499F-8CCA-410BCA3DD227} = {FA3C5038-FB3D-499F-8CCA-410BCA3DD227}
		{A9F01342-5463-4634-B1F9-BF98CD5591B0} = {A9F01342-5463-4634-B1F9-BF98CD5591B0}
		{71AF75A0-52B6-4C1B-8E56-CB31C6741A18} = {71AF75A0-52B6-4C1B-8E56-CB31C6741A18}
	EndProjectSection
EndProject
Project("{8BC9CEB8-8B4A-11D0-8D11-00A0C91BC942}") = "51-GEL-cell", "modules\GEL\examples\GLUT\51-GEL-cell\51-GEL-cell-VS2010.vcxproj", "{AD503486-4173-4DCF-B22E-4E59761B86C1}"
	ProjectSection(ProjectDependencies) = postProject
		{FA3C5038-FB3D-499F-8CCA-410BCA3DD227} = {FA3C5038-FB3D-499F-8CCA-410BCA3DD227}
		{A9F01342-5463-4634-B1F9-BF98CD5591B0} = {A9F01342-5463-4634-B1F9-BF98CD5591B0}
		{71AF75A0-52B6-4C1B-8E56-CB31C6741A18} = {71AF75A0-52B6-4C1B-8E56-CB31C6741A18}
	EndProjectSection
EndProject
Project("{8BC9CEB8-8B4A-11D0-8D11-00A0C91BC942}") = "52-GEL-duck", "modules\GEL\examples\GLUT\52-GEL-duck\52-GEL-duck-VS2010.vcxproj", "{672B44B5-A400-4E2E-B708-01DCA460811E}"
	ProjectSection(ProjectDependencies) = postProject
		{FA3C5038-FB3D-499F-8CCA-410BCA3DD227} = {FA3C5038-FB3D-499F-8CCA-410BCA3DD227}
		{A9F01342-5463-4634-B1F9-BF98CD5591B0} = {A9F01342-5463-4634-B1F9-BF98CD5591B0}
		{AD503486-4173-4DCF-B22E-4E59761B86C1} = {AD503486-4173-4DCF-B22E-4E59761B86C1}
		{71AF75A0-52B6-4C1B-8E56-CB31C6741A18} = {71AF75A0-52B6-4C1B-8E56-CB31C6741A18}
	EndProjectSection
EndProject
Project("{8BC9CEB8-8B4A-11D0-8D11-00A0C91BC942}") = "Module-ODE", "modules\ODE\CODE-VS2010.vcxproj", "{36A3C28A-B798-4238-B1ED-A7A9B6E8817E}"
EndProject
Project("{8BC9CEB8-8B4A-11D0-8D11-00A0C91BC942}") = "40-ODE-cube", "modules\ODE\examples\GLUT\40-ODE-cube\40-ODE-cube-VS2010.vcxproj", "{D0276A81-CD72-4D8D-8F09-61E24C8983EB}"
	ProjectSection(ProjectDependencies) = postProject
		{A9F01342-5463-4634-B1F9-BF98CD5591B0} = {A9F01342-5463-4634-B1F9-BF98CD5591B0}
		{36A3C28A-B798-4238-B1ED-A7A9B6E8817E} = {36A3C28A-B798-4238-B1ED-A7A9B6E8817E}
		{71AF75A0-52B6-4C1B-8E56-CB31C6741A18} = {71AF75A0-52B6-4C1B-8E56-CB31C6741A18}
	EndProjectSection
EndProject
Project("{8BC9CEB8-8B4A-11D0-8D11-00A0C91BC942}") = "41-ODE-pool", "modules\ODE\examples\GLUT\41-ODE-pool\41-ODE-pool-VS2010.vcxproj", "{3D1196F1-0C7F-4AE8-9E87-B05A50489496}"
	ProjectSection(ProjectDependencies) = postProject
		{A9F01342-5463-4634-B1F9-BF98CD5591B0} = {A9F01342-5463-4634-B1F9-BF98CD5591B0}
		{36A3C28A-B798-4238-B1ED-A7A9B6E8817E} = {36A3C28A-B798-4238-B1ED-A7A9B6E8817E}
		{71AF75A0-52B6-4C1B-8E56-CB31C6741A18} = {71AF75A0-52B6-4C1B-8E56-CB31C6741A18}
	EndProjectSection
EndProject
Project("{8BC9CEB8-8B4A-11D0-8D11-00A0C91BC942}") = "42-ODE-mesh", "modules\ODE\examples\GLUT\42-ODE-mesh\42-ODE-mesh-VS2010.vcxproj", "{74472744-06C8-4665-8806-DA2BFA822A40}"
	ProjectSection(ProjectDependencies) = postProject
		{A9F01342-5463-4634-B1F9-BF98CD5591B0} = {A9F01342-5463-4634-B1F9-BF98CD5591B0}
		{36A3C28A-B798-4238-B1ED-A7A9B6E8817E} = {36A3C28A-B798-4238-B1ED-A7A9B6E8817E}
		{71AF75A0-52B6-4C1B-8E56-CB31C6741A18} = {71AF75A0-52B6-4C1B-8E56-CB31C6741A18}
	EndProjectSection
EndProject
Project("{8BC9CEB8-8B4A-11D0-8D11-00A0C91BC942}") = "43-ODE-tool", "modules\ODE\examples\GLUT\43-ODE-tool\43-ODE-tool-VS2010.vcxproj", "{31784278-082A-4261-A7D6-A729EA24D876}"
	ProjectSection(ProjectDependencies) = postProject
		{A9F01342-5463-4634-B1F9-BF98CD5591B0} = {A9F01342-5463-4634-B1F9-BF98CD5591B0}
		{36A3C28A-B798-4238-B1ED-A7A9B6E8817E} = {36A3C28A-B798-4238-B1ED-A7A9B6E8817E}
		{71AF75A0-52B6-4C1B-8E56-CB31C6741A18} = {71AF75A0-52B6-4C1B-8E56-CB31C6741A18}
	EndProjectSection
EndProject
Project("{8BC9CEB8-8B4A-11D0-8D11-00A0C91BC942}") = "44-ODE-dental", "modules\ODE\examples\GLUT\44-ODE-dental\44-ODE-dental-VS2010.vcxproj", "{3697F9A5-E215-453F-8F42-75A7F3A3ED4B}"
	ProjectSection(ProjectDependencies) = postProject
		{A9F01342-5463-4634-B1F9-BF98CD5591B0} = {A9F01342-5463-4634-B1F9-BF98CD5591B0}
		{36A3C28A-B798-4238-B1ED-A7A9B6E8817E} = {36A3C28A-B798-4238-B1ED-A7A9B6E8817E}
		{71AF75A0-52B6-4C1B-8E56-CB31C6741A18} = {71AF75A0-52B6-4C1B-8E56-CB31C6741A18}
	EndProjectSection
EndProject
Project("{8BC9CEB8-8B4A-11D0-8D11-00A0C91BC942}") = "45-ODE-exploration", "modules\ODE\examples\GLUT\45-ODE-exploration\45-ODE-exploration-VS2010.vcxproj", "{E979BF44-8B7D-42D0-968A-C30C953A7F67}"
	ProjectSection(ProjectDependencies) = postProject
		{A9F01342-5463-4634-B1F9-BF98CD5591B0} = {A9F01342-5463-4634-B1F9-BF98CD5591B0}
		{36A3C28A-B798-4238-B1ED-A7A9B6E8817E} = {36A3C28A-B798-4238-B1ED-A7A9B6E8817E}
		{71AF75A0-52B6-4C1B-8E56-CB31C6741A18} = {71AF75A0-52B6-4C1B-8E56-CB31C6741A18}
	EndProjectSection
EndProject
Project("{8BC9CEB8-8B4A-11D0-8D11-00A0C91BC942}") = "06-images", "examples\GLUT\06-images\06-images-VS2010.vcxproj", "{37857BF1-33F1-4C4C-8B60-08F81885A75D}"
	ProjectSection(ProjectDependencies) = postProject
		{A9F01342-5463-4634-B1F9-BF98CD5591B0} = {A9F01342-5463-4634-B1F9-BF98CD5591B0}
		{71AF75A0-52B6-4C1B-8E56-CB31C6741A18} = {71AF75A0-52B6-4C1B-8E56-CB31C6741A18}
	EndProjectSection
EndProject
Project("{8BC9CEB8-8B4A-11D0-8D11-00A0C91BC942}") = "07-mouse-select", "examples\GLUT\07-mouse-select\07-mouse-select-VS2010.vcxproj", "{65A5DC32-C729-4AF1-954A-ECF66AFF8165}"
	ProjectSection(ProjectDependencies) = postProject
		{A9F01342-5463-4634-B1F9-BF98CD5591B0} = {A9F01342-5463-4634-B1F9-BF98CD5591B0}
		{71AF75A0-52B6-4C1B-8E56-CB31C6741A18} = {71AF75A0-52B6-4C1B-8E56-CB31C6741A18}
	EndProjectSection
EndProject
Project("{8BC9CEB8-8B4A-11D0-8D11-00A0C91BC942}") = "08-shaders", "examples\GLUT\08-shaders\08-shaders-VS2010.vcxproj", "{2B950CB3-1247-466A-B6EA-61C011695375}"
	ProjectSection(ProjectDependencies) = postProject
		{A9F01342-5463-4634-B1F9-BF98CD5591B0} = {A9F01342-5463-4634-B1F9-BF98CD5591B0}
		{71AF75A0-52B6-4C1B-8E56-CB31C6741A18} = {71AF75A0-52B6-4C1B-8E56-CB31C6741A18}
	EndProjectSection
EndProject
Project("{8BC9CEB8-8B4A-11D0-8D11-00A0C91BC942}") = "09-magnets", "examples\GLUT\09-magnets\09-magnets-VS2010.vcxproj", "{91187B6F-1A4E-43EC-8E52-B47DCB7F2B03}"
	ProjectSection(ProjectDependencies) = postProject
		{A9F01342-5463-4634-B1F9-BF98CD5591B0} = {A9F01342-5463-4634-B1F9-BF98CD5591B0}
		{71AF75A0-52B6-4C1B-8E56-CB31C6741A18} = {71AF75A0-52B6-4C1B-8E56-CB31C6741A18}
	EndProjectSection
EndProject
Global
	GlobalSection(SolutionConfigurationPlatforms) = preSolution
		Debug|Win32 = Debug|Win32
		Debug|x64 = Debug|x64
		Release|Win32 = Release|Win32
		Release|x64 = Release|x64
	EndGlobalSection
	GlobalSection(ProjectConfigurationPlatforms) = postSolution
		{41047738-C5C7-4821-9E34-E3DCA990E716}.Debug|Win32.ActiveCfg = Debug|Win32
		{41047738-C5C7-4821-9E34-E3DCA990E716}.Debug|Win32.Build.0 = Debug|Win32
		{41047738-C5C7-4821-9E34-E3DCA990E716}.Debug|x64.ActiveCfg = Debug|x64
		{41047738-C5C7-4821-9E34-E3DCA990E716}.Debug|x64.Build.0 = Debug|x64
		{41047738-C5C7-4821-9E34-E3DCA990E716}.Release|Win32.ActiveCfg = Release|Win32
		{41047738-C5C7-4821-9E34-E3DCA990E716}.Release|Win32.Build.0 = Release|Win32
		{41047738-C5C7-4821-9E34-E3DCA990E716}.Release|x64.ActiveCfg = Release|x64
		{41047738-C5C7-4821-9E34-E3DCA990E716}.Release|x64.Build.0 = Release|x64
		{666CE3DF-B4DB-4BC1-AD2E-10B74401E82C}.Debug|Win32.ActiveCfg = Debug|Win32
		{666CE3DF-B4DB-4BC1-AD2E-10B74401E82C}.Debug|Win32.Build.0 = Debug|Win32
		{666CE3DF-B4DB-4BC1-AD2E-10B74401E82C}.Debug|x64.ActiveCfg = Debug|x64
		{666CE3DF-B4DB-4BC1-AD2E-10B74401E82C}.Release|Win32.ActiveCfg = Release|Win32
		{666CE3DF-B4DB-4BC1-AD2E-10B74401E82C}.Release|Win32.Build.0 = Release|Win32
		{666CE3DF-B4DB-4BC1-AD2E-10B74401E82C}.Release|x64.ActiveCfg = Release|x64
		{B1112A85-D22C-4ABD-ACDB-BD1A2E78E521}.Debug|Win32.ActiveCfg = Debug|Win32
		{B1112A85-D22C-4ABD-ACDB-BD1A2E78E521}.Debug|Win32.Build.0 = Debug|Win32
		{B1112A85-D22C-4ABD-ACDB-BD1A2E78E521}.Debug|x64.ActiveCfg = Debug|x64
		{B1112A85-D22C-4ABD-ACDB-BD1A2E78E521}.Debug|x64.Build.0 = Debug|x64
		{B1112A85-D22C-4ABD-ACDB-BD1A2E78E521}.Release|Win32.ActiveCfg = Release|Win32
		{B1112A85-D22C-4ABD-ACDB-BD1A2E78E521}.Release|Win32.Build.0 = Release|Win32
		{B1112A85-D22C-4ABD-ACDB-BD1A2E78E521}.Release|x64.ActiveCfg = Release|x64
		{B1112A85-D22C-4ABD-ACDB-BD1A2E78E521}.Release|x64.Build.0 = Release|x64
		{1325973E-9E7F-40AE-A49A-FEED4BF98F37}.Debug|Win32.ActiveCfg = Debug|Win32
		{1325973E-9E7F-40AE-A49A-FEED4BF98F37}.Debug|Win32.Build.0 = Debug|Win32
		{1325973E-9E7F-40AE-A49A-FEED4BF98F37}.Debug|x64.ActiveCfg = Debug|x64
		{1325973E-9E7F-40AE-A49A-FEED4BF98F37}.Debug|x64.Build.0 = Debug|x64
		{1325973E-9E7F-40AE-A49A-FEED4BF98F37}.Release|Win32.ActiveCfg = Release|Win32
		{1325973E-9E7F-40AE-A49A-FEED4BF98F37}.Release|Win32.Build.0 = Release|Win32
		{1325973E-9E7F-40AE-A49A-FEED4BF98F37}.Release|x64.ActiveCfg = Release|x64
		{1325973E-9E7F-40AE-A49A-FEED4BF98F37}.Release|x64.Build.0 = Release|x64
		{093BD170-68C0-488A-890F-F3BB3B9A7FD1}.Debug|Win32.ActiveCfg = Debug|Win32
		{093BD170-68C0-488A-890F-F3BB3B9A7FD1}.Debug|Win32.Build.0 = Debug|Win32
		{093BD170-68C0-488A-890F-F3BB3B9A7FD1}.Debug|x64.ActiveCfg = Debug|x64
		{093BD170-68C0-488A-890F-F3BB3B9A7FD1}.Debug|x64.Build.0 = Debug|x64
		{093BD170-68C0-488A-890F-F3BB3B9A7FD1}.Release|Win32.ActiveCfg = Release|Win32
		{093BD170-68C0-488A-890F-F3BB3B9A7FD1}.Release|Win32.Build.0 = Release|Win32
		{093BD170-68C0-488A-890F-F3BB3B9A7FD1}.Release|x64.ActiveCfg = Release|x64
		{093BD170-68C0-488A-890F-F3BB3B9A7FD1}.Release|x64.Build.0 = Release|x64
		{4DB1C224-FB7B-4AA2-8E59-2252CBBA6EE2}.Debug|Win32.ActiveCfg = Debug|Win32
		{4DB1C224-FB7B-4AA2-8E59-2252CBBA6EE2}.Debug|Win32.Build.0 = Debug|Win32
		{4DB1C224-FB7B-4AA2-8E59-2252CBBA6EE2}.Debug|x64.ActiveCfg = Debug|x64
		{4DB1C224-FB7B-4AA2-8E59-2252CBBA6EE2}.Debug|x64.Build.0 = Debug|x64
		{4DB1C224-FB7B-4AA2-8E59-2252CBBA6EE2}.Release|Win32.ActiveCfg = Release|Win32
		{4DB1C224-FB7B-4AA2-8E59-2252CBBA6EE2}.Release|Win32.Build.0 = Release|Win32
		{4DB1C224-FB7B-4AA2-8E59-2252CBBA6EE2}.Release|x64.ActiveCfg = Release|x64
		{4DB1C224-FB7B-4AA2-8E59-2252CBBA6EE2}.Release|x64.Build.0 = Release|x64
		{A0FE2B56-6C50-4A6D-8FAA-CE094583CACD}.Debug|Win32.ActiveCfg = Debug|Win32
		{A0FE2B56-6C50-4A6D-8FAA-CE094583CACD}.Debug|Win32.Build.0 = Debug|Win32
		{A0FE2B56-6C50-4A6D-8FAA-CE094583CACD}.Debug|x64.ActiveCfg = Debug|x64
		{A0FE2B56-6C50-4A6D-8FAA-CE094583CACD}.Debug|x64.Build.0 = Debug|x64
		{A0FE2B56-6C50-4A6D-8FAA-CE094583CACD}.Release|Win32.ActiveCfg = Release|Win32
		{A0FE2B56-6C50-4A6D-8FAA-CE094583CACD}.Release|Win32.Build.0 = Release|Win32
		{A0FE2B56-6C50-4A6D-8FAA-CE094583CACD}.Release|x64.ActiveCfg = Release|x64
		{A0FE2B56-6C50-4A6D-8FAA-CE094583CACD}.Release|x64.Build.0 = Release|x64
		{28CE1125-B8B2-4FC9-B8B5-01837E30E9A6}.Debug|Win32.ActiveCfg = Debug|Win32
		{28CE1125-B8B2-4FC9-B8B5-01837E30E9A6}.Debug|Win32.Build.0 = Debug|Win32
		{28CE1125-B8B2-4FC9-B8B5-01837E30E9A6}.Debug|x64.ActiveCfg = Debug|x64
		{28CE1125-B8B2-4FC9-B8B5-01837E30E9A6}.Debug|x64.Build.0 = Debug|x64
		{28CE1125-B8B2-4FC9-B8B5-01837E30E9A6}.Release|Win32.ActiveCfg = Release|Win32
		{28CE1125-B8B2-4FC9-B8B5-01837E30E9A6}.Release|Win32.Build.0 = Release|Win32
		{28CE1125-B8B2-4FC9-B8B5-01837E30E9A6}.Release|x64.ActiveCfg = Release|x64
		{28CE1125-B8B2-4FC9-B8B5-01837E30E9A6}.Release|x64.Build.0 = Release|x64
		{BA2987B6-E93E-4FB5-B4E5-67A8C41F6315}.Debug|Win32.ActiveCfg = Debug|Win32
		{BA2987B6-E93E-4FB5-B4E5-67A8C41F6315}.Debug|Win32.Build.0 = Debug|Win32
		{BA2987B6-E93E-4FB5-B4E5-67A8C41F6315}.Debug|x64.ActiveCfg = Debug|x64
		{BA2987B6-E93E-4FB5-B4E5-67A8C41F6315}.Debug|x64.Build.0 = Debug|x64
		{BA2987B6-E93E-4FB5-B4E5-67A8C41F6315}.Release|Win32.ActiveCfg = Release|Win32
		{BA2987B6-E93E-4FB5-B4E5-67A8C41F6315}.Release|Win32.Build.0 = Release|Win32
		{BA2987B6-E93E-4FB5-B4E5-67A8C41F6315}.Release|x64.ActiveCfg = Release|x64
		{BA2987B6-E93E-4FB5-B4E5-67A8C41F6315}.Release|x64.Build.0 = Release|x64
		{F90795AF-895B-4458-A081-6124F2D9E9AE}.Debug|Win32.ActiveCfg = Debug|Win32
		{F90795AF-895B-4458-A081-6124F2D9E9AE}.Debug|Win32.Build.0 = Debug|Win32
		{F90795AF-895B-4458-A081-6124F2D9E9AE}.Debug|x64.ActiveCfg = Debug|x64
		{F90795AF-895B-4458-A081-6124F2D9E9AE}.Debug|x64.Build.0 = Debug|x64
		{F90795AF-895B-4458-A081-6124F2D9E9AE}.Release|Win32.ActiveCfg = Release|Win32
		{F90795AF-895B-4458-A081-6124F2D9E9AE}.Release|Win32.Build.0 = Release|Win32
		{F90795AF-895B-4458-A081-6124F2D9E9AE}.Release|x64.ActiveCfg = Release|x64
		{F90795AF-895B-4458-A081-6124F2D9E9AE}.Release|x64.Build.0 = Release|x64
		{DF4A1F32-BA3E-4604-A9F5-721CAAA9EA71}.Debug|Win32.ActiveCfg = Debug|Win32
		{DF4A1F32-BA3E-4604-A9F5-721CAAA9EA71}.Debug|Win32.Build.0 = Debug|Win32
		{DF4A1F32-BA3E-4604-A9F5-721CAAA9EA71}.Debug|x64.ActiveCfg = Debug|x64
		{DF4A1F32-BA3E-4604-A9F5-721CAAA9EA71}.Debug|x64.Build.0 = Debug|x64
		{DF4A1F32-BA3E-4604-A9F5-721CAAA9EA71}.Release|Win32.ActiveCfg = Release|Win32
		{DF4A1F32-BA3E-4604-A9F5-721CAAA9EA71}.Release|Win32.Build.0 = Release|Win32
		{DF4A1F32-BA3E-4604-A9F5-721CAAA9EA71}.Release|x64.ActiveCfg = Release|x64
		{DF4A1F32-BA3E-4604-A9F5-721CAAA9EA71}.Release|x64.Build.0 = Release|x64
		{D133A1BF-E97C-4495-8FD5-556CA25179D8}.Debug|Win32.ActiveCfg = Debug|Win32
		{D133A1BF-E97C-4495-8FD5-556CA25179D8}.Debug|Win32.Build.0 = Debug|Win32
		{D133A1BF-E97C-4495-8FD5-556CA25179D8}.Debug|x64.ActiveCfg = Debug|x64
		{D133A1BF-E97C-4495-8FD5-556CA25179D8}.Debug|x64.Build.0 = Debug|x64
		{D133A1BF-E97C-4495-8FD5-556CA25179D8}.Release|Win32.ActiveCfg = Release|Win32
		{D133A1BF-E97C-4495-8FD5-556CA25179D8}.Release|Win32.Build.0 = Release|Win32
		{D133A1BF-E97C-4495-8FD5-556CA25179D8}.Release|x64.ActiveCfg = Release|x64
		{D133A1BF-E97C-4495-8FD5-556CA25179D8}.Release|x64.Build.0 = Release|x64
		{B8D2231B-D7A5-4D68-8648-5F9C533E2165}.Debug|Win32.ActiveCfg = Debug|Win32
		{B8D2231B-D7A5-4D68-8648-5F9C533E2165}.Debug|Win32.Build.0 = Debug|Win32
		{B8D2231B-D7A5-4D68-8648-5F9C533E2165}.Debug|x64.ActiveCfg = Debug|x64
		{B8D2231B-D7A5-4D68-8648-5F9C533E2165}.Debug|x64.Build.0 = Debug|x64
		{B8D2231B-D7A5-4D68-8648-5F9C533E2165}.Release|Win32.ActiveCfg = Release|Win32
		{B8D2231B-D7A5-4D68-8648-5F9C533E2165}.Release|Win32.Build.0 = Release|Win32
		{B8D2231B-D7A5-4D68-8648-5F9C533E2165}.Release|x64.ActiveCfg = Release|x64
		{B8D2231B-D7A5-4D68-8648-5F9C533E2165}.Release|x64.Build.0 = Release|x64
		{D46DD4BB-5A59-4887-AEAD-3C8775A0224F}.Debug|Win32.ActiveCfg = Debug|Win32
		{D46DD4BB-5A59-4887-AEAD-3C8775A0224F}.Debug|Win32.Build.0 = Debug|Win32
		{D46DD4BB-5A59-4887-AEAD-3C8775A0224F}.Debug|x64.ActiveCfg = Debug|x64
		{D46DD4BB-5A59-4887-AEAD-3C8775A0224F}.Debug|x64.Build.0 = Debug|x64
		{D46DD4BB-5A59-4887-AEAD-3C8775A0224F}.Release|Win32.ActiveCfg = Release|Win32
		{D46DD4BB-5A59-4887-AEAD-3C8775A0224F}.Release|Win32.Build.0 = Release|Win32
		{D46DD4BB-5A59-4887-AEAD-3C8775A0224F}.Release|x64.ActiveCfg = Release|x64
		{D46DD4BB-5A59-4887-AEAD-3C8775A0224F}.Release|x64.Build.0 = Release|x64
		{490AA03D-FE72-4F84-A86D-2D246AAAAEE6}.Debug|Win32.ActiveCfg = Debug|Win32
		{490AA03D-FE72-4F84-A86D-2D246AAAAEE6}.Debug|Win32.Build.0 = Debug|Win32
		{490AA03D-FE72-4F84-A86D-2D246AAAAEE6}.Debug|x64.ActiveCfg = Debug|x64
		{490AA03D-FE72-4F84-A86D-2D246AAAAEE6}.Debug|x64.Build.0 = Debug|x64
		{490AA03D-FE72-4F84-A86D-2D246AAAAEE6}.Release|Win32.ActiveCfg = Release|Win32
		{490AA03D-FE72-4F84-A86D-2D246AAAAEE6}.Release|Win32.Build.0 = Release|Win32
		{490AA03D-FE72-4F84-A86D-2D246AAAAEE6}.Release|x64.ActiveCfg = Release|x64
		{490AA03D-FE72-4F84-A86D-2D246AAAAEE6}.Release|x64.Build.0 = Release|x64
		{54925E60-29DC-4781-9AF4-F8C18FCF3B50}.Debug|Win32.ActiveCfg = Debug|Win32
		{54925E60-29DC-4781-9AF4-F8C18FCF3B50}.Debug|Win32.Build.0 = Debug|Win32
		{54925E60-29DC-4781-9AF4-F8C18FCF3B50}.Debug|x64.ActiveCfg = Debug|x64
		{54925E60-29DC-4781-9AF4-F8C18FCF3B50}.Debug|x64.Build.0 = Debug|x64
		{54925E60-29DC-4781-9AF4-F8C18FCF3B50}.Release|Win32.ActiveCfg = Release|Win32
		{54925E60-29DC-4781-9AF4-F8C18FCF3B50}.Release|Win32.Build.0 = Release|Win32
		{54925E60-29DC-4781-9AF4-F8C18FCF3B50}.Release|x64.ActiveCfg = Release|x64
		{54925E60-29DC-4781-9AF4-F8C18FCF3B50}.Release|x64.Build.0 = Release|x64
		{A5ABC2B6-0159-4506-B04A-7EE0B22BBCA0}.Debug|Win32.ActiveCfg = Debug|Win32
		{A5ABC2B6-0159-4506-B04A-7EE0B22BBCA0}.Debug|Win32.Build.0 = Debug|Win32
		{A5ABC2B6-0159-4506-B04A-7EE0B22BBCA0}.Debug|x64.ActiveCfg = Debug|x64
		{A5ABC2B6-0159-4506-B04A-7EE0B22BBCA0}.Debug|x64.Build.0 = Debug|x64
		{A5ABC2B6-0159-4506-B04A-7EE0B22BBCA0}.Release|Win32.ActiveCfg = Release|Win32
		{A5ABC2B6-0159-4506-B04A-7EE0B22BBCA0}.Release|Win32.Build.0 = Release|Win32
		{A5ABC2B6-0159-4506-B04A-7EE0B22BBCA0}.Release|x64.ActiveCfg = Release|x64
		{A5ABC2B6-0159-4506-B04A-7EE0B22BBCA0}.Release|x64.Build.0 = Release|x64
		{2F7A5DBA-0391-4235-9D23-982454349B55}.Debug|Win32.ActiveCfg = Debug|Win32
		{2F7A5DBA-0391-4235-9D23-982454349B55}.Debug|Win32.Build.0 = Debug|Win32
		{2F7A5DBA-0391-4235-9D23-982454349B55}.Debug|x64.ActiveCfg = Debug|x64
		{2F7A5DBA-0391-4235-9D23-982454349B55}.Debug|x64.Build.0 = Debug|x64
		{2F7A5DBA-0391-4235-9D23-982454349B55}.Release|Win32.ActiveCfg = Release|Win32
		{2F7A5DBA-0391-4235-9D23-982454349B55}.Release|Win32.Build.0 = Release|Win32
		{2F7A5DBA-0391-4235-9D23-982454349B55}.Release|x64.ActiveCfg = Release|x64
		{2F7A5DBA-0391-4235-9D23-982454349B55}.Release|x64.Build.0 = Release|x64
		{23D2C17D-68EB-4C91-8838-DDD787AD213B}.Debug|Win32.ActiveCfg = Debug|Win32
		{23D2C17D-68EB-4C91-8838-DDD787AD213B}.Debug|Win32.Build.0 = Debug|Win32
		{23D2C17D-68EB-4C91-8838-DDD787AD213B}.Debug|x64.ActiveCfg = Debug|x64
		{23D2C17D-68EB-4C91-8838-DDD787AD213B}.Debug|x64.Build.0 = Debug|x64
		{23D2C17D-68EB-4C91-8838-DDD787AD213B}.Release|Win32.ActiveCfg = Release|Win32
		{23D2C17D-68EB-4C91-8838-DDD787AD213B}.Release|Win32.Build.0 = Release|Win32
		{23D2C17D-68EB-4C91-8838-DDD787AD213B}.Release|x64.ActiveCfg = Release|x64
		{23D2C17D-68EB-4C91-8838-DDD787AD213B}.Release|x64.Build.0 = Release|x64
		{71AF75A0-52B6-4C1B-8E56-CB31C6741A18}.Debug|Win32.ActiveCfg = Debug|Win32
		{71AF75A0-52B6-4C1B-8E56-CB31C6741A18}.Debug|Win32.Build.0 = Debug|Win32
		{71AF75A0-52B6-4C1B-8E56-CB31C6741A18}.Debug|x64.ActiveCfg = Debug|x64
		{71AF75A0-52B6-4C1B-8E56-CB31C6741A18}.Debug|x64.Build.0 = Debug|x64
		{71AF75A0-52B6-4C1B-8E56-CB31C6741A18}.Release|Win32.ActiveCfg = Release|Win32
		{71AF75A0-52B6-4C1B-8E56-CB31C6741A18}.Release|Win32.Build.0 = Release|Win32
		{71AF75A0-52B6-4C1B-8E56-CB31C6741A18}.Release|x64.ActiveCfg = Release|x64
		{71AF75A0-52B6-4C1B-8E56-CB31C6741A18}.Release|x64.Build.0 = Release|x64
		{A9F01342-5463-4634-B1F9-BF98CD5591B0}.Debug|Win32.ActiveCfg = Debug|Win32
		{A9F01342-5463-4634-B1F9-BF98CD5591B0}.Debug|Win32.Build.0 = Debug|Win32
		{A9F01342-5463-4634-B1F9-BF98CD5591B0}.Debug|x64.ActiveCfg = Debug|x64
		{A9F01342-5463-4634-B1F9-BF98CD5591B0}.Debug|x64.Build.0 = Debug|x64
		{A9F01342-5463-4634-B1F9-BF98CD5591B0}.Release|Win32.ActiveCfg = Release|Win32
		{A9F01342-5463-4634-B1F9-BF98CD5591B0}.Release|Win32.Build.0 = Release|Win32
		{A9F01342-5463-4634-B1F9-BF98CD5591B0}.Release|x64.ActiveCfg = Release|x64
		{A9F01342-5463-4634-B1F9-BF98CD5591B0}.Release|x64.Build.0 = Release|x64
		{9B3C3FDC-140F-4B03-A9FD-3ADCD9E111BD}.Debug|Win32.ActiveCfg = Debug|Win32
		{9B3C3FDC-140F-4B03-A9FD-3ADCD9E111BD}.Debug|Win32.Build.0 = Debug|Win32
		{9B3C3FDC-140F-4B03-A9FD-3ADCD9E111BD}.Debug|x64.ActiveCfg = Debug|x64
		{9B3C3FDC-140F-4B03-A9FD-3ADCD9E111BD}.Debug|x64.Build.0 = Debug|x64
		{9B3C3FDC-140F-4B03-A9FD-3ADCD9E111BD}.Release|Win32.ActiveCfg = Release|Win32
		{9B3C3FDC-140F-4B03-A9FD-3ADCD9E111BD}.Release|Win32.Build.0 = Release|Win32
		{9B3C3FDC-140F-4B03-A9FD-3ADCD9E111BD}.Release|x64.ActiveCfg = Release|x64
		{9B3C3FDC-140F-4B03-A9FD-3ADCD9E111BD}.Release|x64.Build.0 = Release|x64
		{990FA61A-681B-452A-B607-C2D27391EFEA}.Debug|Win32.ActiveCfg = Debug|Win32
		{990FA61A-681B-452A-B607-C2D27391EFEA}.Debug|Win32.Build.0 = Debug|Win32
		{990FA61A-681B-452A-B607-C2D27391EFEA}.Debug|x64.ActiveCfg = Debug|x64
		{990FA61A-681B-452A-B607-C2D27391EFEA}.Debug|x64.Build.0 = Debug|x64
		{990FA61A-681B-452A-B607-C2D27391EFEA}.Release|Win32.ActiveCfg = Release|Win32
		{990FA61A-681B-452A-B607-C2D27391EFEA}.Release|Win32.Build.0 = Release|Win32
		{990FA61A-681B-452A-B607-C2D27391EFEA}.Release|x64.ActiveCfg = Release|x64
		{990FA61A-681B-452A-B607-C2D27391EFEA}.Release|x64.Build.0 = Release|x64
		{C8CEB90C-8D6A-455C-90CF-7B3045F4F035}.Debug|Win32.ActiveCfg = Debug|Win32
		{C8CEB90C-8D6A-455C-90CF-7B3045F4F035}.Debug|Win32.Build.0 = Debug|Win32
		{C8CEB90C-8D6A-455C-90CF-7B3045F4F035}.Debug|x64.ActiveCfg = Debug|x64
		{C8CEB90C-8D6A-455C-90CF-7B3045F4F035}.Debug|x64.Build.0 = Debug|x64
		{C8CEB90C-8D6A-455C-90CF-7B3045F4F035}.Release|Win32.ActiveCfg = Release|Win32
		{C8CEB90C-8D6A-455C-90CF-7B3045F4F035}.Release|Win32.Build.0 = Release|Win32
		{C8CEB90C-8D6A-455C-90CF-7B3045F4F035}.Release|x64.ActiveCfg = Release|x64
		{C8CEB90C-8D6A-455C-90CF-7B3045F4F035}.Release|x64.Build.0 = Release|x64
		{FA3C5038-FB3D-499F-8CCA-410BCA3DD227}.Debug|Win32.ActiveCfg = Debug|Win32
		{FA3C5038-FB3D-499F-8CCA-410BCA3DD227}.Debug|Win32.Build.0 = Debug|Win32
		{FA3C5038-FB3D-499F-8CCA-410BCA3DD227}.Debug|x64.ActiveCfg = Debug|x64
		{FA3C5038-FB3D-499F-8CCA-410BCA3DD227}.Debug|x64.Build.0 = Debug|x64
		{FA3C5038-FB3D-499F-8CCA-410BCA3DD227}.Release|Win32.ActiveCfg = Release|Win32
		{FA3C5038-FB3D-499F-8CCA-410BCA3DD227}.Release|Win32.Build.0 = Release|Win32
		{FA3C5038-FB3D-499F-8CCA-410BCA3DD227}.Release|x64.ActiveCfg = Release|x64
		{FA3C5038-FB3D-499F-8CCA-410BCA3DD227}.Release|x64.Build.0 = Release|x64
		{6BD52E4C-66CA-4807-A58F-C84543274E97}.Debug|Win32.ActiveCfg = Debug|Win32
		{6BD52E4C-66CA-4807-A58F-C84543274E97}.Debug|Win32.Build.0 = Debug|Win32
		{6BD52E4C-66CA-4807-A58F-C84543274E97}.Debug|x64.ActiveCfg = Debug|x64
		{6BD52E4C-66CA-4807-A58F-C84543274E97}.Debug|x64.Build.0 = Debug|x64
		{6BD52E4C-66CA-4807-A58F-C84543274E97}.Release|Win32.ActiveCfg = Release|Win32
		{6BD52E4C-66CA-4807-A58F-C84543274E97}.Release|Win32.Build.0 = Release|Win32
		{6BD52E4C-66CA-4807-A58F-C84543274E97}.Release|x64.ActiveCfg = Release|x64
		{6BD52E4C-66CA-4807-A58F-C84543274E97}.Release|x64.Build.0 = Release|x64
		{AD503486-4173-4DCF-B22E-4E59761B86C1}.Debug|Win32.ActiveCfg = Debug|Win32
		{AD503486-4173-4DCF-B22E-4E59761B86C1}.Debug|Win32.Build.0 = Debug|Win32
		{AD503486-4173-4DCF-B22E-4E59761B86C1}.Debug|x64.ActiveCfg = Debug|x64
		{AD503486-4173-4DCF-B22E-4E59761B86C1}.Debug|x64.Build.0 = Debug|x64
		{AD503486-4173-4DCF-B22E-4E59761B86C1}.Release|Win32.ActiveCfg = Release|Win32
		{AD503486-4173-4DCF-B22E-4E59761B86C1}.Release|Win32.Build.0 = Release|Win32
		{AD503486-4173-4DCF-B22E-4E59761B86C1}.Release|x64.ActiveCfg = Release|x64
		{AD503486-4173-4DCF-B22E-4E59761B86C1}.Release|x64.Build.0 = Release|x64
		{672B44B5-A400-4E2E-B708-01DCA460811E}.Debug|Win32.ActiveCfg = Debug|Win32
		{672B44B5-A400-4E2E-B708-01DCA460811E}.Debug|Win32.Build.0 = Debug|Win32
		{672B44B5-A400-4E2E-B708-01DCA460811E}.Debug|x64.ActiveCfg = Debug|x64
		{672B44B5-A400-4E2E-B708-01DCA460811E}.Debug|x64.Build.0 = Debug|x64
		{672B44B5-A400-4E2E-B708-01DCA460811E}.Release|Win32.ActiveCfg = Release|Win32
		{672B44B5-A400-4E2E-B708-01DCA460811E}.Release|Win32.Build.0 = Release|Win32
		{672B44B5-A400-4E2E-B708-01DCA460811E}.Release|x64.ActiveCfg = Release|x64
		{672B44B5-A400-4E2E-B708-01DCA460811E}.Release|x64.Build.0 = Release|x64
		{36A3C28A-B798-4238-B1ED-A7A9B6E8817E}.Debug|Win32.ActiveCfg = Debug|Win32
		{36A3C28A-B798-4238-B1ED-A7A9B6E8817E}.Debug|Win32.Build.0 = Debug|Win32
		{36A3C28A-B798-4238-B1ED-A7A9B6E8817E}.Debug|x64.ActiveCfg = Debug|x64
		{36A3C28A-B798-4238-B1ED-A7A9B6E8817E}.Debug|x64.Build.0 = Debug|x64
		{36A3C28A-B798-4238-B1ED-A7A9B6E8817E}.Release|Win32.ActiveCfg = Release|Win32
		{36A3C28A-B798-4238-B1ED-A7A9B6E8817E}.Release|Win32.Build.0 = Release|Win32
		{36A3C28A-B798-4238-B1ED-A7A9B6E8817E}.Release|x64.ActiveCfg = Release|x64
		{36A3C28A-B798-4238-B1ED-A7A9B6E8817E}.Release|x64.Build.0 = Release|x64
		{D0276A81-CD72-4D8D-8F09-61E24C8983EB}.Debug|Win32.ActiveCfg = Debug|Win32
		{D0276A81-CD72-4D8D-8F09-61E24C8983EB}.Debug|Win32.Build.0 = Debug|Win32
		{D0276A81-CD72-4D8D-8F09-61E24C8983EB}.Debug|x64.ActiveCfg = Debug|x64
		{D0276A81-CD72-4D8D-8F09-61E24C8983EB}.Debug|x64.Build.0 = Debug|x64
		{D0276A81-CD72-4D8D-8F09-61E24C8983EB}.Release|Win32.ActiveCfg = Release|Win32
		{D0276A81-CD72-4D8D-8F09-61E24C8983EB}.Release|Win32.Build.0 = Release|Win32
		{D0276A81-CD72-4D8D-8F09-61E24C8983EB}.Release|x64.ActiveCfg = Release|x64
		{D0276A81-CD72-4D8D-8F09-61E24C8983EB}.Release|x64.Build.0 = Release|x64
		{3D1196F1-0C7F-4AE8-9E87-B05A50489496}.Debug|Win32.ActiveCfg = Debug|Win32
		{3D1196F1-0C7F-4AE8-9E87-B05A50489496}.Debug|Win32.Build.0 = Debug|Win32
		{3D1196F1-0C7F-4AE8-9E87-B05A50489496}.Debug|x64.ActiveCfg = Debug|x64
		{3D1196F1-0C7F-4AE8-9E87-B05A50489496}.Debug|x64.Build.0 = Debug|x64
		{3D1196F1-0C7F-4AE8-9E87-B05A50489496}.Release|Win32.ActiveCfg = Release|Win32
		{3D1196F1-0C7F-4AE8-9E87-B05A50489496}.Release|Win32.Build.0 = Release|Win32
		{3D1196F1-0C7F-4AE8-9E87-B05A50489496}.Release|x64.ActiveCfg = Release|x64
		{3D1196F1-0C7F-4AE8-9E87-B05A50489496}.Release|x64.Build.0 = Release|x64
		{74472744-06C8-4665-8806-DA2BFA822A40}.Debug|Win32.ActiveCfg = Debug|Win32
		{74472744-06C8-4665-8806-DA2BFA822A40}.Debug|Win32.Build.0 = Debug|Win32
		{74472744-06C8-4665-8806-DA2BFA822A40}.Debug|x64.ActiveCfg = Debug|x64
		{74472744-06C8-4665-8806-DA2BFA822A40}.Debug|x64.Build.0 = Debug|x64
		{74472744-06C8-4665-8806-DA2BFA822A40}.Release|Win32.ActiveCfg = Release|Win32
		{74472744-06C8-4665-8806-DA2BFA822A40}.Release|Win32.Build.0 = Release|Win32
		{74472744-06C8-4665-8806-DA2BFA822A40}.Release|x64.ActiveCfg = Release|x64
		{74472744-06C8-4665-8806-DA2BFA822A40}.Release|x64.Build.0 = Release|x64
		{31784278-082A-4261-A7D6-A729EA24D876}.Debug|Win32.ActiveCfg = Debug|Win32
		{31784278-082A-4261-A7D6-A729EA24D876}.Debug|Win32.Build.0 = Debug|Win32
		{31784278-082A-4261-A7D6-A729EA24D876}.Debug|x64.ActiveCfg = Debug|x64
		{31784278-082A-4261-A7D6-A729EA24D876}.Debug|x64.Build.0 = Debug|x64
		{31784278-082A-4261-A7D6-A729EA24D876}.Release|Win32.ActiveCfg = Release|Win32
		{31784278-082A-4261-A7D6-A729EA24D876}.Release|Win32.Build.0 = Release|Win32
		{31784278-082A-4261-A7D6-A729EA24D876}.Release|x64.ActiveCfg = Release|x64
		{31784278-082A-4261-A7D6-A729EA24D876}.Release|x64.Build.0 = Release|x64
		{3697F9A5-E215-453F-8F42-75A7F3A3ED4B}.Debug|Win32.ActiveCfg = Debug|Win32
		{3697F9A5-E215-453F-8F42-75A7F3A3ED4B}.Debug|Win32.Build.0 = Debug|Win32
		{3697F9A5-E215-453F-8F42-75A7F3A3ED4B}.Debug|x64.ActiveCfg = Debug|x64
		{3697F9A5-E215-453F-8F42-75A7F3A3ED4B}.Debug|x64.Build.0 = Debug|x64
		{3697F9A5-E215-453F-8F42-75A7F3A3ED4B}.Release|Win32.ActiveCfg = Release|Win32
		{3697F9A5-E215-453F-8F42-75A7F3A3ED4B}.Release|Win32.Build.0 = Release|Win32
		{3697F9A5-E215-453F-8F42-75A7F3A3ED4B}.Release|x64.ActiveCfg = Release|x64
		{3697F9A5-E215-453F-8F42-75A7F3A3ED4B}.Release|x64.Build.0 = Release|x64
		{E979BF44-8B7D-42D0-968A-C30C953A7F67}.Debug|Win32.ActiveCfg = Debug|Win32
		{E979BF44-8B7D-42D0-968A-C30C953A7F67}.Debug|Win32.Build.0 = Debug|Win32
		{E979BF44-8B7D-42D0-968A-C30C953A7F67}.Debug|x64.ActiveCfg = Debug|x64
		{E979BF44-8B7D-42D0-968A-C30C953A7F67}.Debug|x64.Build.0 = Debug|x64
		{E979BF44-8B7D-42D0-968A-C30C953A7F67}.Release|Win32.ActiveCfg = Release|Win32
		{E979BF44-8B7D-42D0-968A-C30C953A7F67}.Release|Win32.Build.0 = Release|Win32
		{E979BF44-8B7D-42D0-968A-C30C953A7F67}.Release|x64.ActiveCfg = Release|x64
		{E979BF44-8B7D-42D0-968A-C30C953A7F67}.Release|x64.Build.0 = Release|x64
		{37857BF1-33F1-4C4C-8B60-08F81885A75D}.Debug|Win32.ActiveCfg = Debug|Win32
		{37857BF1-33F1-4C4C-8B60-08F81885A75D}.Debug|Win32.Build.0 = Debug|Win32
		{37857BF1-33F1-4C4C-8B60-08F81885A75D}.Debug|x64.ActiveCfg = Debug|x64
		{37857BF1-33F1-4C4C-8B60-08F81885A75D}.Debug|x64.Build.0 = Debug|x64
		{37857BF1-33F1-4C4C-8B60-08F81885A75D}.Release|Win32.ActiveCfg = Release|Win32
		{37857BF1-33F1-4C4C-8B60-08F81885A75D}.Release|Win32.Build.0 = Release|Win32
		{37857BF1-33F1-4C4C-8B60-08F81885A75D}.Release|x64.ActiveCfg = Release|x64
		{37857BF1-33F1-4C4C-8B60-08F81885A75D}.Release|x64.Build.0 = Release|x64
		{65A5DC32-C729-4AF1-954A-ECF66AFF8165}.Debug|Win32.ActiveCfg = Debug|Win32
		{65A5DC32-C729-4AF1-954A-ECF66AFF8165}.Debug|Win32.Build.0 = Debug|Win32
		{65A5DC32-C729-4AF1-954A-ECF66AFF8165}.Debug|x64.ActiveCfg = Debug|x64
		{65A5DC32-C729-4AF1-954A-ECF66AFF8165}.Debug|x64.Build.0 = Debug|x64
		{65A5DC32-C729-4AF1-954A-ECF66AFF8165}.Release|Win32.ActiveCfg = Release|Win32
		{65A5DC32-C729-4AF1-954A-ECF66AFF8165}.Release|Win32.Build.0 = Release|Win32
		{65A5DC32-C729-4AF1-954A-ECF66AFF8165}.Release|x64.ActiveCfg = Release|x64
		{65A5DC32-C729-4AF1-954A-ECF66AFF8165}.Release|x64.Build.0 = Release|x64
		{2B950CB3-1247-466A-B6EA-61C011695375}.Debug|Win32.ActiveCfg = Debug|Win32
		{2B950CB3-1247-466A-B6EA-61C011695375}.Debug|Win32.Build.0 = Debug|Win32
		{2B950CB3-1247-466A-B6EA-61C011695375}.Debug|x64.ActiveCfg = Debug|x64
		{2B950CB3-1247-466A-B6EA-61C011695375}.Debug|x64.Build.0 = Debug|x64
		{2B950CB3-1247-466A-B6EA-61C011695375}.Release|Win32.ActiveCfg = Release|Win32
		{2B950CB3-1247-466A-B6EA-61C011695375}.Release|Win32.Build.0 = Release|Win32
		{2B950CB3-1247-466A-B6EA-61C011695375}.Release|x64.ActiveCfg = Release|x64
		{2B950CB3-1247-466A-B6EA-61C011695375}.Release|x64.Build.0 = Release|x64
		{91187B6F-1A4E-43EC-8E52-B47DCB7F2B03}.Debug|Win32.ActiveCfg = Debug|Win32
		{91187B6F-1A4E-43EC-8E52-B47DCB7F2B03}.Debug|Win32.Build.0 = Debug|Win32
		{91187B6F-1A4E-43EC-8E52-B47DCB7F2B03}.Debug|x64.ActiveCfg = Debug|x64
		{91187B6F-1A4E-43EC-8E52-B47DCB7F2B03}.Debug|x64.Build.0 = Debug|x64
		{91187B6F-1A4E-43EC-8E52-B47DCB7F2B03}.Release|Win32.ActiveCfg = Release|Win32
		{91187B6F-1A4E-43EC-8E52-B47DCB7F2B03}.Release|Win32.Build.0 = Release|Win32
		{91187B6F-1A4E-43EC-8E52-B47DCB7F2B03}.Release|x64.ActiveCfg = Release|x64
		{91187B6F-1A4E-43EC-8E52-B47DCB7F2B03}.Release|x64.Build.0 = Release|x64
	EndGlobalSection
	GlobalSection(SolutionProperties) = preSolution
		HideSolutionNode = FALSE
	EndGlobalSection
EndGlobal
